{
  "lockfileVersion": 1,
  "workspaces": {
    "": {
      "name": "Rustite",
      "devDependencies": {
        "@napi-rs/cli": "^2.18.4",
      },
      "optionalDependencies": {
        "rustite-android-arm64": "2.0.0",
        "rustite-darwin-x64": "2.0.0",
        "rustite-linux-arm64-gnu": "2.0.0",
        "rustite-linux-x64-gnu": "2.0.0",
      },
    },
  },
  "packages": {
    "@napi-rs/cli": ["@napi-rs/cli@2.18.4", "", { "bin": { "napi": "scripts/index.js" } }, "sha512-SgJeA4df9DE2iAEpr3M2H0OKl/yjtg1BnRI5/JyowS71tUWhrfSu2LT0V3vlHET+g1hBVlrO60PmEXwUEKp8Mg=="],

    "rustite-android-arm64": ["rustite-android-arm64@2.0.0", "", { "os": "android", "cpu": "arm64" }, "sha512-xbC3PEPP3HrZ7BBdOl+fzccyU7RpRrt3p3NJCgz1uEbT0som8mSxqjSHRn3BCWrUj0IyBdVtuQHZrbxFB2ht8A=="],

    "rustite-darwin-x64": ["rustite-darwin-x64@2.0.0", "", { "os": "darwin", "cpu": "x64" }, "sha512-CuWDGGR3w/l9QA6C/Okii5yi0uxxa6uwN9FinrgE0rjKihWlrOs52rr/OwlhatfSDSnlTSqHJbduBQD/2ABNBQ=="],

    "rustite-linux-arm64-gnu": ["rustite-linux-arm64-gnu@2.0.0", "", { "os": "linux", "cpu": "arm64" }, "sha512-/FGKtAEnMLSju0fPtn2v8XxhNSMRKbgnE0Uqugt6FgpK712tn4ZiqhhArOkJCG+y7mPuvh817G1hhGbQRoG6Cw=="],

    "rustite-linux-x64-gnu": ["rustite-linux-x64-gnu@2.0.0", "", { "os": "linux", "cpu": "x64" }, "sha512-qOB8sLZrCTQE85Fy1HLjEtJusU0NvL74DpjPK+KFwAIukndLHcCHLggdbAC9kKKGNlWJEoUmiiOxL0W0UeZBng=="],
  }
}
